
Microsoft Visual Studio Solution File, Format Version 12.00
# Visual Studio 15
VisualStudioVersion = 15.0.26228.4
MinimumVisualStudioVersion = 10.0.40219.1
Project("{FAE04EC0-301F-11D3-BF4B-00C04F79EFBC}") = "OrleansHelloWorld.SiloHost", "OrleansHelloWorld.SiloHost\OrleansHelloWorld.SiloHost.csproj", "{A04A0E6C-7C20-486F-97C7-597BB9CCDD7C}"
EndProject
Project("{FAE04EC0-301F-11D3-BF4B-00C04F79EFBC}") = "OrleansHelloWorld.GrainInterfaces", "OrleansHelloWorld.GrainInterfaces\OrleansHelloWorld.GrainInterfaces.csproj", "{DE8DA037-7A7B-422D-AEEE-8571BFB76482}"
EndProject
Project("{FAE04EC0-301F-11D3-BF4B-00C04F79EFBC}") = "OrleansHelloWorld.GrainCollection", "OrleansHelloWorld.GrainCollection\OrleansHelloWorld.GrainCollection.csproj", "{BFD8A3AA-CF85-4EB0-9625-DD32084777AC}"
EndProject
Global
	GlobalSection(SolutionConfigurationPlatforms) = preSolution
		Debug|Any CPU = Debug|Any CPU
		Release|Any CPU = Release|Any CPU
	EndGlobalSection
	GlobalSection(ProjectConfigurationPlatforms) = postSolution
		{A04A0E6C-7C20-486F-97C7-597BB9CCDD7C}.Debug|Any CPU.ActiveCfg = Debug|Any CPU
		{A04A0E6C-7C20-486F-97C7-597BB9CCDD7C}.Debug|Any CPU.Build.0 = Debug|Any CPU
		{A04A0E6C-7C20-486F-97C7-597BB9CCDD7C}.Release|Any CPU.ActiveCfg = Release|Any CPU
		{A04A0E6C-7C20-486F-97C7-597BB9CCDD7C}.Release|Any CPU.Build.0 = Release|Any CPU
		{DE8DA037-7A7B-422D-AEEE-8571BFB76482}.Debug|Any CPU.ActiveCfg = Debug|Any CPU
		{DE8DA037-7A7B-422D-AEEE-8571BFB76482}.Debug|Any CPU.Build.0 = Debug|Any CPU
		{DE8DA037-7A7B-422D-AEEE-8571BFB76482}.Release|Any CPU.ActiveCfg = Release|Any CPU
		{DE8DA037-7A7B-422D-AEEE-8571BFB76482}.Release|Any CPU.Build.0 = Release|Any CPU
		{BFD8A3AA-CF85-4EB0-9625-DD32084777AC}.Debug|Any CPU.ActiveCfg = Debug|Any CPU
		{BFD8A3AA-CF85-4EB0-9625-DD32084777AC}.Debug|Any CPU.Build.0 = Debug|Any CPU
		{BFD8A3AA-CF85-4EB0-9625-DD32084777AC}.Release|Any CPU.ActiveCfg = Release|Any CPU
		{BFD8A3AA-CF85-4EB0-9625-DD32084777AC}.Release|Any CPU.Build.0 = Release|Any CPU
	EndGlobalSection
	GlobalSection(SolutionProperties) = preSolution
		HideSolutionNode = FALSE
	EndGlobalSection
EndGlobal
