
Microsoft Visual Studio Solution File, Format Version 12.00
# Visual Studio 14
VisualStudioVersion = 14.0.25420.1
MinimumVisualStudioVersion = 10.0.40219.1
Project("{FAE04EC0-301F-11D3-BF4B-00C04F79EFBC}") = "WebJobsSample", "WebJobsSample\WebJobsSample.csproj", "{EE89684F-322A-4A4E-80AA-4F92FA96CCB8}"
EndProject
Project("{F2A71F9B-5D33-465A-A702-920D77279786}") = "WebJobsSampleFS", "WebJobsSampleFS\WebJobsSampleFS.fsproj", "{D03E3646-14D6-4EA1-A076-1B8E78CD957D}"
EndProject
Global
	GlobalSection(SolutionConfigurationPlatforms) = preSolution
		Debug|Any CPU = Debug|Any CPU
		Release|Any CPU = Release|Any CPU
	EndGlobalSection
	GlobalSection(ProjectConfigurationPlatforms) = postSolution
		{EE89684F-322A-4A4E-80AA-4F92FA96CCB8}.Debug|Any CPU.ActiveCfg = Debug|Any CPU
		{EE89684F-322A-4A4E-80AA-4F92FA96CCB8}.Debug|Any CPU.Build.0 = Debug|Any CPU
		{EE89684F-322A-4A4E-80AA-4F92FA96CCB8}.Release|Any CPU.ActiveCfg = Release|Any CPU
		{EE89684F-322A-4A4E-80AA-4F92FA96CCB8}.Release|Any CPU.Build.0 = Release|Any CPU
		{D03E3646-14D6-4EA1-A076-1B8E78CD957D}.Debug|Any CPU.ActiveCfg = Debug|Any CPU
		{D03E3646-14D6-4EA1-A076-1B8E78CD957D}.Debug|Any CPU.Build.0 = Debug|Any CPU
		{D03E3646-14D6-4EA1-A076-1B8E78CD957D}.Release|Any CPU.ActiveCfg = Release|Any CPU
		{D03E3646-14D6-4EA1-A076-1B8E78CD957D}.Release|Any CPU.Build.0 = Release|Any CPU
	EndGlobalSection
	GlobalSection(SolutionProperties) = preSolution
		HideSolutionNode = FALSE
	EndGlobalSection
EndGlobal
